
Microsoft Visual Studio Solution File, Format Version 12.00
# Visual Studio 15
VisualStudioVersion = 15.0.27004.2009
MinimumVisualStudioVersion = 10.0.40219.1
Project("{FAE04EC0-301F-11D3-BF4B-00C04F79EFBC}") = "KataValidBraces", "KataValidBraces\KataValidBraces.csproj", "{A6FE1181-1F12-4279-BDD7-2737F76F3BDE}"
EndProject
Global
	GlobalSection(SolutionConfigurationPlatforms) = preSolution
		Debug|Any CPU = Debug|Any CPU
		Release|Any CPU = Release|Any CPU
	EndGlobalSection
	GlobalSection(ProjectConfigurationPlatforms) = postSolution
		{A6FE1181-1F12-4279-BDD7-2737F76F3BDE}.Debug|Any CPU.ActiveCfg = Debug|Any CPU
		{A6FE1181-1F12-4279-BDD7-2737F76F3BDE}.Debug|Any CPU.Build.0 = Debug|Any CPU
		{A6FE1181-1F12-4279-BDD7-2737F76F3BDE}.Release|Any CPU.ActiveCfg = Release|Any CPU
		{A6FE1181-1F12-4279-BDD7-2737F76F3BDE}.Release|Any CPU.Build.0 = Release|Any CPU
	EndGlobalSection
	GlobalSection(SolutionProperties) = preSolution
		HideSolutionNode = FALSE
	EndGlobalSection
	GlobalSection(ExtensibilityGlobals) = postSolution
		SolutionGuid = {C967D269-0728-48BF-89FC-25CF3ECD3385}
	EndGlobalSection
EndGlobal
